// !$*UTF8*$!
{
	archiveVersion = 1;
	classes = {
	};
	objectVersion = 55;
	objects = {

/* Begin PBXBuildFile section */
		2A16AEB1284F63D200F72F11 /* SetupXcodeCloudApp.swift in Sources */ = {isa = PBXBuildFile; fileRef = 2A16AEB0284F63D200F72F11 /* SetupXcodeCloudApp.swift */; };
		2A16AEB3284F63D200F72F11 /* ContentView.swift in Sources */ = {isa = PBXBuildFile; fileRef = 2A16AEB2284F63D200F72F11 /* ContentView.swift */; };
		2A16AEB5284F63D300F72F11 /* Assets.xcassets in Resources */ = {isa = PBXBuildFile; fileRef = 2A16AEB4284F63D300F72F11 /* Assets.xcassets */; };
		2A16AEB8284F63D300F72F11 /* Preview Assets.xcassets in Resources */ = {isa = PBXBuildFile; fileRef = 2A16AEB7284F63D300F72F11 /* Preview Assets.xcassets */; };
		2A16AEC0284F641200F72F11 /* NameManager.swift in Sources */ = {isa = PBXBuildFile; fileRef = 2A16AEBF284F641200F72F11 /* NameManager.swift */; };
		2A16AECF284F8B7300F72F11 /* NameManagerTests.swift in Sources */ = {isa = PBXBuildFile; fileRef = 2A16AECE284F8B7300F72F11 /* NameManagerTests.swift */; };
		2A16AED1284F8BAE00F72F11 /* UserDefaultsMock.swift in Sources */ = {isa = PBXBuildFile; fileRef = 2A16AED0284F8BAE00F72F11 /* UserDefaultsMock.swift */; };
/* End PBXBuildFile section */

/* Begin PBXContainerItemProxy section */
		2A16AEC9284F8B5800F72F11 /* PBXContainerItemProxy */ = {
			isa = PBXContainerItemProxy;
			containerPortal = 2A16AEA5284F63D200F72F11 /* Project object */;
			proxyType = 1;
			remoteGlobalIDString = 2A16AEAC284F63D200F72F11;
			remoteInfo = SetupXcodeCloud;
		};
/* End PBXContainerItemProxy section */

/* Begin PBXFileReference section */
		2A16AEAD284F63D200F72F11 /* SetupXcodeCloud.app */ = {isa = PBXFileReference; explicitFileType = wrapper.application; includeInIndex = 0; path = SetupXcodeCloud.app; sourceTree = BUILT_PRODUCTS_DIR; };
		2A16AEB0284F63D200F72F11 /* SetupXcodeCloudApp.swift */ = {isa = PBXFileReference; lastKnownFileType = sourcecode.swift; path = SetupXcodeCloudApp.swift; sourceTree = "<group>"; };
		2A16AEB2284F63D200F72F11 /* ContentView.swift */ = {isa = PBXFileReference; lastKnownFileType = sourcecode.swift; path = ContentView.swift; sourceTree = "<group>"; };
		2A16AEB4284F63D300F72F11 /* Assets.xcassets */ = {isa = PBXFileReference; lastKnownFileType = folder.assetcatalog; path = Assets.xcassets; sourceTree = "<group>"; };
		2A16AEB7284F63D300F72F11 /* Preview Assets.xcassets */ = {isa = PBXFileReference; lastKnownFileType = folder.assetcatalog; path = "Preview Assets.xcassets"; sourceTree = "<group>"; };
		2A16AEBF284F641200F72F11 /* NameManager.swift */ = {isa = PBXFileReference; lastKnownFileType = sourcecode.swift; path = NameManager.swift; sourceTree = "<group>"; };
		2A16AEC5284F8B5800F72F11 /* SetupXcodeCloudTests.xctest */ = {isa = PBXFileReference; explicitFileType = wrapper.cfbundle; includeInIndex = 0; path = SetupXcodeCloudTests.xctest; sourceTree = BUILT_PRODUCTS_DIR; };
		2A16AECE284F8B7300F72F11 /* NameManagerTests.swift */ = {isa = PBXFileReference; lastKnownFileType = sourcecode.swift; path = NameManagerTests.swift; sourceTree = "<group>"; };
		2A16AED0284F8BAE00F72F11 /* UserDefaultsMock.swift */ = {isa = PBXFileReference; lastKnownFileType = sourcecode.swift; path = UserDefaultsMock.swift; sourceTree = "<group>"; };
		2A693903284F9A3600D57FFD /* Info.plist */ = {isa = PBXFileReference; lastKnownFileType = text.plist; path = Info.plist; sourceTree = "<group>"; };
/* End PBXFileReference section */

/* Begin PBXFrameworksBuildPhase section */
		2A16AEAA284F63D200F72F11 /* Frameworks */ = {
			isa = PBXFrameworksBuildPhase;
			buildActionMask = 2147483647;
			files = (
			);
			runOnlyForDeploymentPostprocessing = 0;
		};
		2A16AEC2284F8B5800F72F11 /* Frameworks */ = {
			isa = PBXFrameworksBuildPhase;
			buildActionMask = 2147483647;
			files = (
			);
			runOnlyForDeploymentPostprocessing = 0;
		};
/* End PBXFrameworksBuildPhase section */

/* Begin PBXGroup section */
		2A16AEA4284F63D200F72F11 = {
			isa = PBXGroup;
			children = (
				2A16AEAF284F63D200F72F11 /* SetupXcodeCloud */,
				2A16AEC6284F8B5800F72F11 /* SetupXcodeCloudTests */,
				2A16AEAE284F63D200F72F11 /* Products */,
			);
			sourceTree = "<group>";
		};
		2A16AEAE284F63D200F72F11 /* Products */ = {
			isa = PBXGroup;
			children = (
				2A16AEAD284F63D200F72F11 /* SetupXcodeCloud.app */,
				2A16AEC5284F8B5800F72F11 /* SetupXcodeCloudTests.xctest */,
			);
			name = Products;
			sourceTree = "<group>";
		};
		2A16AEAF284F63D200F72F11 /* SetupXcodeCloud */ = {
			isa = PBXGroup;
			children = (
				2A693903284F9A3600D57FFD /* Info.plist */,
				2A16AEBE284F63FE00F72F11 /* Manager */,
				2A16AEB0284F63D200F72F11 /* SetupXcodeCloudApp.swift */,
				2A16AEB2284F63D200F72F11 /* ContentView.swift */,
				2A16AEB4284F63D300F72F11 /* Assets.xcassets */,
				2A16AEB6284F63D300F72F11 /* Preview Content */,
			);
			path = SetupXcodeCloud;
			sourceTree = "<group>";
		};
		2A16AEB6284F63D300F72F11 /* Preview Content */ = {
			isa = PBXGroup;
			children = (
				2A16AEB7284F63D300F72F11 /* Preview Assets.xcassets */,
			);
			path = "Preview Content";
			sourceTree = "<group>";
		};
		2A16AEBE284F63FE00F72F11 /* Manager */ = {
			isa = PBXGroup;
			children = (
				2A16AEBF284F641200F72F11 /* NameManager.swift */,
			);
			path = Manager;
			sourceTree = "<group>";
		};
		2A16AEC6284F8B5800F72F11 /* SetupXcodeCloudTests */ = {
			isa = PBXGroup;
			children = (
				2A16AECE284F8B7300F72F11 /* NameManagerTests.swift */,
				2A16AED0284F8BAE00F72F11 /* UserDefaultsMock.swift */,
			);
			path = SetupXcodeCloudTests;
			sourceTree = "<group>";
		};
/* End PBXGroup section */

/* Begin PBXNativeTarget section */
		2A16AEAC284F63D200F72F11 /* SetupXcodeCloud */ = {
			isa = PBXNativeTarget;
			buildConfigurationList = 2A16AEBB284F63D300F72F11 /* Build configuration list for PBXNativeTarget "SetupXcodeCloud" */;
			buildPhases = (
				2A52209A284FE38900B4404F /* Set version */,
				2A16AEA9284F63D200F72F11 /* Sources */,
				2A16AEAA284F63D200F72F11 /* Frameworks */,
				2A16AEAB284F63D200F72F11 /* Resources */,
			);
			buildRules = (
			);
			dependencies = (
			);
			name = SetupXcodeCloud;
			productName = SetupXcodeCloud;
			productReference = 2A16AEAD284F63D200F72F11 /* SetupXcodeCloud.app */;
			productType = "com.apple.product-type.application";
		};
		2A16AEC4284F8B5800F72F11 /* SetupXcodeCloudTests */ = {
			isa = PBXNativeTarget;
			buildConfigurationList = 2A16AECB284F8B5800F72F11 /* Build configuration list for PBXNativeTarget "SetupXcodeCloudTests" */;
			buildPhases = (
				2A16AEC1284F8B5800F72F11 /* Sources */,
				2A16AEC2284F8B5800F72F11 /* Frameworks */,
				2A16AEC3284F8B5800F72F11 /* Resources */,
			);
			buildRules = (
			);
			dependencies = (
				2A16AECA284F8B5800F72F11 /* PBXTargetDependency */,
			);
			name = SetupXcodeCloudTests;
			productName = SetupXcodeCloudTests;
			productReference = 2A16AEC5284F8B5800F72F11 /* SetupXcodeCloudTests.xctest */;
			productType = "com.apple.product-type.bundle.unit-test";
		};
/* End PBXNativeTarget section */

/* Begin PBXProject section */
		2A16AEA5284F63D200F72F11 /* Project object */ = {
			isa = PBXProject;
			attributes = {
				BuildIndependentTargetsInParallel = 1;
				LastSwiftUpdateCheck = 1400;
				LastUpgradeCheck = 1400;
				TargetAttributes = {
					2A16AEAC284F63D200F72F11 = {
						CreatedOnToolsVersion = 14.0;
					};
					2A16AEC4284F8B5800F72F11 = {
						CreatedOnToolsVersion = 14.0;
						TestTargetID = 2A16AEAC284F63D200F72F11;
					};
				};
			};
			buildConfigurationList = 2A16AEA8284F63D200F72F11 /* Build configuration list for PBXProject "SetupXcodeCloud" */;
			compatibilityVersion = "Xcode 13.0";
			developmentRegion = en;
			hasScannedForEncodings = 0;
			knownRegions = (
				en,
				Base,
			);
			mainGroup = 2A16AEA4284F63D200F72F11;
			productRefGroup = 2A16AEAE284F63D200F72F11 /* Products */;
			projectDirPath = "";
			projectRoot = "";
			targets = (
				2A16AEAC284F63D200F72F11 /* SetupXcodeCloud */,
				2A16AEC4284F8B5800F72F11 /* SetupXcodeCloudTests */,
			);
		};
/* End PBXProject section */

/* Begin PBXResourcesBuildPhase section */
		2A16AEAB284F63D200F72F11 /* Resources */ = {
			isa = PBXResourcesBuildPhase;
			buildActionMask = 2147483647;
			files = (
				2A16AEB8284F63D300F72F11 /* Preview Assets.xcassets in Resources */,
				2A16AEB5284F63D300F72F11 /* Assets.xcassets in Resources */,
			);
			runOnlyForDeploymentPostprocessing = 0;
		};
		2A16AEC3284F8B5800F72F11 /* Resources */ = {
			isa = PBXResourcesBuildPhase;
			buildActionMask = 2147483647;
			files = (
			);
			runOnlyForDeploymentPostprocessing = 0;
		};
/* End PBXResourcesBuildPhase section */

/* Begin PBXShellScriptBuildPhase section */
		2A52209A284FE38900B4404F /* Set version */ = {
			isa = PBXShellScriptBuildPhase;
			alwaysOutOfDate = 1;
			buildActionMask = 8;
			files = (
			);
			inputFileListPaths = (
			);
			inputPaths = (
			);
			name = "Set version";
			outputFileListPaths = (
			);
			outputPaths = (
			);
			runOnlyForDeploymentPostprocessing = 1;
			shellPath = /bin/sh;
			shellScript = "buildNumber=$(git rev-list --count HEAD)\ncd $PRODUCT_SETTINGS_PATH; agvtool new-version \"$buildNumber\"\n";
		};
/* End PBXShellScriptBuildPhase section */

/* Begin PBXSourcesBuildPhase section */
		2A16AEA9284F63D200F72F11 /* Sources */ = {
			isa = PBXSourcesBuildPhase;
			buildActionMask = 2147483647;
			files = (
				2A16AEB3284F63D200F72F11 /* ContentView.swift in Sources */,
				2A16AEC0284F641200F72F11 /* NameManager.swift in Sources */,
				2A16AEB1284F63D200F72F11 /* SetupXcodeCloudApp.swift in Sources */,
			);
			runOnlyForDeploymentPostprocessing = 0;
		};
		2A16AEC1284F8B5800F72F11 /* Sources */ = {
			isa = PBXSourcesBuildPhase;
			buildActionMask = 2147483647;
			files = (
				2A16AED1284F8BAE00F72F11 /* UserDefaultsMock.swift in Sources */,
				2A16AECF284F8B7300F72F11 /* NameManagerTests.swift in Sources */,
			);
			runOnlyForDeploymentPostprocessing = 0;
		};
/* End PBXSourcesBuildPhase section */

/* Begin PBXTargetDependency section */
		2A16AECA284F8B5800F72F11 /* PBXTargetDependency */ = {
			isa = PBXTargetDependency;
			target = 2A16AEAC284F63D200F72F11 /* SetupXcodeCloud */;
			targetProxy = 2A16AEC9284F8B5800F72F11 /* PBXContainerItemProxy */;
		};
/* End PBXTargetDependency section */

/* Begin XCBuildConfiguration section */
		2A16AEB9284F63D300F72F11 /* Debug */ = {
			isa = XCBuildConfiguration;
			buildSettings = {
				ALWAYS_SEARCH_USER_PATHS = NO;
				CLANG_ANALYZER_NONNULL = YES;
				CLANG_ANALYZER_NUMBER_OBJECT_CONVERSION = YES_AGGRESSIVE;
				CLANG_CXX_LANGUAGE_STANDARD = "gnu++17";
				CLANG_ENABLE_MODULES = YES;
				CLANG_ENABLE_OBJC_ARC = YES;
				CLANG_ENABLE_OBJC_WEAK = YES;
				CLANG_WARN_BLOCK_CAPTURE_AUTORELEASING = YES;
				CLANG_WARN_BOOL_CONVERSION = YES;
				CLANG_WARN_COMMA = YES;
				CLANG_WARN_CONSTANT_CONVERSION = YES;
				CLANG_WARN_DEPRECATED_OBJC_IMPLEMENTATIONS = YES;
				CLANG_WARN_DIRECT_OBJC_ISA_USAGE = YES_ERROR;
				CLANG_WARN_DOCUMENTATION_COMMENTS = YES;
				CLANG_WARN_EMPTY_BODY = YES;
				CLANG_WARN_ENUM_CONVERSION = YES;
				CLANG_WARN_INFINITE_RECURSION = YES;
				CLANG_WARN_INT_CONVERSION = YES;
				CLANG_WARN_NON_LITERAL_NULL_CONVERSION = YES;
				CLANG_WARN_OBJC_IMPLICIT_RETAIN_SELF = YES;
				CLANG_WARN_OBJC_LITERAL_CONVERSION = YES;
				CLANG_WARN_OBJC_ROOT_CLASS = YES_ERROR;
				CLANG_WARN_QUOTED_INCLUDE_IN_FRAMEWORK_HEADER = YES;
				CLANG_WARN_RANGE_LOOP_ANALYSIS = YES;
				CLANG_WARN_STRICT_PROTOTYPES = YES;
				CLANG_WARN_SUSPICIOUS_MOVE = YES;
				CLANG_WARN_UNGUARDED_AVAILABILITY = YES_AGGRESSIVE;
				CLANG_WARN_UNREACHABLE_CODE = YES;
				CLANG_WARN__DUPLICATE_METHOD_MATCH = YES;
				COPY_PHASE_STRIP = NO;
				DEBUG_INFORMATION_FORMAT = dwarf;
				ENABLE_STRICT_OBJC_MSGSEND = YES;
				ENABLE_TESTABILITY = YES;
				GCC_C_LANGUAGE_STANDARD = gnu11;
				GCC_DYNAMIC_NO_PIC = NO;
				GCC_NO_COMMON_BLOCKS = YES;
				GCC_OPTIMIZATION_LEVEL = 0;
				GCC_PREPROCESSOR_DEFINITIONS = (
					"DEBUG=1",
					"$(inherited)",
				);
				GCC_WARN_64_TO_32_BIT_CONVERSION = YES;
				GCC_WARN_ABOUT_RETURN_TYPE = YES_ERROR;
				GCC_WARN_UNDECLARED_SELECTOR = YES;
				GCC_WARN_UNINITIALIZED_AUTOS = YES_AGGRESSIVE;
				GCC_WARN_UNUSED_FUNCTION = YES;
				GCC_WARN_UNUSED_VARIABLE = YES;
				IPHONEOS_DEPLOYMENT_TARGET = 16.0;
				MTL_ENABLE_DEBUG_INFO = INCLUDE_SOURCE;
				MTL_FAST_MATH = YES;
				ONLY_ACTIVE_ARCH = YES;
				SDKROOT = iphoneos;
				SWIFT_ACTIVE_COMPILATION_CONDITIONS = DEBUG;
				SWIFT_OPTIMIZATION_LEVEL = "-Onone";
			};
			name = Debug;
		};
		2A16AEBA284F63D300F72F11 /* Release */ = {
			isa = XCBuildConfiguration;
			buildSettings = {
				ALWAYS_SEARCH_USER_PATHS = NO;
				CLANG_ANALYZER_NONNULL = YES;
				CLANG_ANALYZER_NUMBER_OBJECT_CONVERSION = YES_AGGRESSIVE;
				CLANG_CXX_LANGUAGE_STANDARD = "gnu++17";
				CLANG_ENABLE_MODULES = YES;
				CLANG_ENABLE_OBJC_ARC = YES;
				CLANG_ENABLE_OBJC_WEAK = YES;
				CLANG_WARN_BLOCK_CAPTURE_AUTORELEASING = YES;
				CLANG_WARN_BOOL_CONVERSION = YES;
				CLANG_WARN_COMMA = YES;
				CLANG_WARN_CONSTANT_CONVERSION = YES;
				CLANG_WARN_DEPRECATED_OBJC_IMPLEMENTATIONS = YES;
				CLANG_WARN_DIRECT_OBJC_ISA_USAGE = YES_ERROR;
				CLANG_WARN_DOCUMENTATION_COMMENTS = YES;
				CLANG_WARN_EMPTY_BODY = YES;
				CLANG_WARN_ENUM_CONVERSION = YES;
				CLANG_WARN_INFINITE_RECURSION = YES;
				CLANG_WARN_INT_CONVERSION = YES;
				CLANG_WARN_NON_LITERAL_NULL_CONVERSION = YES;
				CLANG_WARN_OBJC_IMPLICIT_RETAIN_SELF = YES;
				CLANG_WARN_OBJC_LITERAL_CONVERSION = YES;
				CLANG_WARN_OBJC_ROOT_CLASS = YES_ERROR;
				CLANG_WARN_QUOTED_INCLUDE_IN_FRAMEWORK_HEADER = YES;
				CLANG_WARN_RANGE_LOOP_ANALYSIS = YES;
				CLANG_WARN_STRICT_PROTOTYPES = YES;
				CLANG_WARN_SUSPICIOUS_MOVE = YES;
				CLANG_WARN_UNGUARDED_AVAILABILITY = YES_AGGRESSIVE;
				CLANG_WARN_UNREACHABLE_CODE = YES;
				CLANG_WARN__DUPLICATE_METHOD_MATCH = YES;
				COPY_PHASE_STRIP = NO;
				DEBUG_INFORMATION_FORMAT = "dwarf-with-dsym";
				ENABLE_NS_ASSERTIONS = NO;
				ENABLE_STRICT_OBJC_MSGSEND = YES;
				GCC_C_LANGUAGE_STANDARD = gnu11;
				GCC_NO_COMMON_BLOCKS = YES;
				GCC_WARN_64_TO_32_BIT_CONVERSION = YES;
				GCC_WARN_ABOUT_RETURN_TYPE = YES_ERROR;
				GCC_WARN_UNDECLARED_SELECTOR = YES;
				GCC_WARN_UNINITIALIZED_AUTOS = YES_AGGRESSIVE;
				GCC_WARN_UNUSED_FUNCTION = YES;
				GCC_WARN_UNUSED_VARIABLE = YES;
				IPHONEOS_DEPLOYMENT_TARGET = 16.0;
				MTL_ENABLE_DEBUG_INFO = NO;
				MTL_FAST_MATH = YES;
				SDKROOT = iphoneos;
				SWIFT_COMPILATION_MODE = wholemodule;
				SWIFT_OPTIMIZATION_LEVEL = "-O";
				VALIDATE_PRODUCT = YES;
			};
			name = Release;
		};
		2A16AEBC284F63D300F72F11 /* Debug */ = {
			isa = XCBuildConfiguration;
			buildSettings = {
				ASSETCATALOG_COMPILER_APPICON_NAME = AppIcon;
				ASSETCATALOG_COMPILER_GLOBAL_ACCENT_COLOR_NAME = AccentColor;
				CODE_SIGN_IDENTITY = "Apple Development";
				CODE_SIGN_STYLE = Automatic;
				CURRENT_PROJECT_VERSION = 8;
				DEVELOPMENT_ASSET_PATHS = "\"SetupXcodeCloud/Preview Content\"";
				DEVELOPMENT_TEAM = 6B3SHVL3L5;
				ENABLE_PREVIEWS = YES;
				GENERATE_INFOPLIST_FILE = YES;
				INFOPLIST_FILE = SetupXcodeCloud/Info.plist;
				INFOPLIST_KEY_CFBundleDisplayName = "Setup Xcode Cloud";
				INFOPLIST_KEY_LSApplicationCategoryType = "public.app-category.developer-tools";
				INFOPLIST_KEY_UIApplicationSceneManifest_Generation = YES;
				INFOPLIST_KEY_UIApplicationSupportsIndirectInputEvents = YES;
				INFOPLIST_KEY_UILaunchScreen_Generation = YES;
				INFOPLIST_KEY_UISupportedInterfaceOrientations_iPad = "UIInterfaceOrientationPortrait UIInterfaceOrientationPortraitUpsideDown UIInterfaceOrientationLandscapeLeft UIInterfaceOrientationLandscapeRight";
				INFOPLIST_KEY_UISupportedInterfaceOrientations_iPhone = "UIInterfaceOrientationPortrait UIInterfaceOrientationLandscapeLeft UIInterfaceOrientationLandscapeRight";
				IPHONEOS_DEPLOYMENT_TARGET = 15.0;
				LD_RUNPATH_SEARCH_PATHS = (
					"$(inherited)",
					"@executable_path/Frameworks",
				);
				MARKETING_VERSION = 1.0;
				PRODUCT_BUNDLE_IDENTIFIER = com.paulpeelen.SetupXcodeCloud;
				PRODUCT_NAME = "$(TARGET_NAME)";
				PROVISIONING_PROFILE_SPECIFIER = "";
				SUPPORTED_PLATFORMS = "iphoneos iphonesimulator";
				SUPPORTS_MACCATALYST = NO;
				SUPPORTS_MAC_DESIGNED_FOR_IPHONE_IPAD = NO;
				SWIFT_EMIT_LOC_STRINGS = YES;
				SWIFT_VERSION = 5.0;
				TARGETED_DEVICE_FAMILY = 1;
			};
			name = Debug;
		};
		2A16AEBD284F63D300F72F11 /* Release */ = {
			isa = XCBuildConfiguration;
			buildSettings = {
				ASSETCATALOG_COMPILER_APPICON_NAME = AppIcon;
				ASSETCATALOG_COMPILER_GLOBAL_ACCENT_COLOR_NAME = AccentColor;
				CODE_SIGN_IDENTITY = "Apple Development";
				CODE_SIGN_STYLE = Automatic;
				CURRENT_PROJECT_VERSION = 8;
				DEVELOPMENT_ASSET_PATHS = "\"SetupXcodeCloud/Preview Content\"";
				DEVELOPMENT_TEAM = 6B3SHVL3L5;
				ENABLE_PREVIEWS = YES;
				GENERATE_INFOPLIST_FILE = YES;
				INFOPLIST_FILE = SetupXcodeCloud/Info.plist;
				INFOPLIST_KEY_CFBundleDisplayName = "Setup Xcode Cloud";
				INFOPLIST_KEY_LSApplicationCategoryType = "public.app-category.developer-tools";
				INFOPLIST_KEY_UIApplicationSceneManifest_Generation = YES;
				INFOPLIST_KEY_UIApplicationSupportsIndirectInputEvents = YES;
				INFOPLIST_KEY_UILaunchScreen_Generation = YES;
				INFOPLIST_KEY_UISupportedInterfaceOrientations_iPad = "UIInterfaceOrientationPortrait UIInterfaceOrientationPortraitUpsideDown UIInterfaceOrientationLandscapeLeft UIInterfaceOrientationLandscapeRight";
				INFOPLIST_KEY_UISupportedInterfaceOrientations_iPhone = "UIInterfaceOrientationPortrait UIInterfaceOrientationLandscapeLeft UIInterfaceOrientationLandscapeRight";
				IPHONEOS_DEPLOYMENT_TARGET = 15.0;
				LD_RUNPATH_SEARCH_PATHS = (
					"$(inherited)",
					"@executable_path/Frameworks",
				);
				MARKETING_VERSION = 1.0;
				PRODUCT_BUNDLE_IDENTIFIER = com.paulpeelen.SetupXcodeCloud;
				PRODUCT_NAME = "$(TARGET_NAME)";
				PROVISIONING_PROFILE_SPECIFIER = "";
				SUPPORTED_PLATFORMS = "iphoneos iphonesimulator";
				SUPPORTS_MACCATALYST = NO;
				SUPPORTS_MAC_DESIGNED_FOR_IPHONE_IPAD = NO;
				SWIFT_EMIT_LOC_STRINGS = YES;
				SWIFT_VERSION = 5.0;
				TARGETED_DEVICE_FAMILY = 1;
			};
			name = Release;
		};
		2A16AECC284F8B5800F72F11 /* Debug */ = {
			isa = XCBuildConfiguration;
			buildSettings = {
				ALWAYS_EMBED_SWIFT_STANDARD_LIBRARIES = YES;
				BUNDLE_LOADER = "$(TEST_HOST)";
				CODE_SIGN_STYLE = Automatic;
				CURRENT_PROJECT_VERSION = 8;
				DEVELOPMENT_TEAM = 6B3SHVL3L5;
				GENERATE_INFOPLIST_FILE = YES;
				MARKETING_VERSION = 1.0;
				PRODUCT_BUNDLE_IDENTIFIER = com.paulpeelen.SetupXcodeCloudTests;
				PRODUCT_NAME = "$(TARGET_NAME)";
				SWIFT_EMIT_LOC_STRINGS = NO;
				SWIFT_VERSION = 5.0;
				TARGETED_DEVICE_FAMILY = "1,2";
				TEST_HOST = "$(BUILT_PRODUCTS_DIR)/SetupXcodeCloud.app/$(BUNDLE_EXECUTABLE_FOLDER_PATH)/SetupXcodeCloud";
			};
			name = Debug;
		};
		2A16AECD284F8B5800F72F11 /* Release */ = {
			isa = XCBuildConfiguration;
			buildSettings = {
				ALWAYS_EMBED_SWIFT_STANDARD_LIBRARIES = YES;
				BUNDLE_LOADER = "$(TEST_HOST)";
				CODE_SIGN_STYLE = Automatic;
				CURRENT_PROJECT_VERSION = 8;
				DEVELOPMENT_TEAM = 6B3SHVL3L5;
				GENERATE_INFOPLIST_FILE = YES;
				MARKETING_VERSION = 1.0;
				PRODUCT_BUNDLE_IDENTIFIER = com.paulpeelen.SetupXcodeCloudTests;
				PRODUCT_NAME = "$(TARGET_NAME)";
				SWIFT_EMIT_LOC_STRINGS = NO;
				SWIFT_VERSION = 5.0;
				TARGETED_DEVICE_FAMILY = "1,2";
				TEST_HOST = "$(BUILT_PRODUCTS_DIR)/SetupXcodeCloud.app/$(BUNDLE_EXECUTABLE_FOLDER_PATH)/SetupXcodeCloud";
			};
			name = Release;
		};
/* End XCBuildConfiguration section */

/* Begin XCConfigurationList section */
		2A16AEA8284F63D200F72F11 /* Build configuration list for PBXProject "SetupXcodeCloud" */ = {
			isa = XCConfigurationList;
			buildConfigurations = (
				2A16AEB9284F63D300F72F11 /* Debug */,
				2A16AEBA284F63D300F72F11 /* Release */,
			);
			defaultConfigurationIsVisible = 0;
			defaultConfigurationName = Release;
		};
		2A16AEBB284F63D300F72F11 /* Build configuration list for PBXNativeTarget "SetupXcodeCloud" */ = {
			isa = XCConfigurationList;
			buildConfigurations = (
				2A16AEBC284F63D300F72F11 /* Debug */,
				2A16AEBD284F63D300F72F11 /* Release */,
			);
			defaultConfigurationIsVisible = 0;
			defaultConfigurationName = Release;
		};
		2A16AECB284F8B5800F72F11 /* Build configuration list for PBXNativeTarget "SetupXcodeCloudTests" */ = {
			isa = XCConfigurationList;
			buildConfigurations = (
				2A16AECC284F8B5800F72F11 /* Debug */,
				2A16AECD284F8B5800F72F11 /* Release */,
			);
			defaultConfigurationIsVisible = 0;
			defaultConfigurationName = Release;
		};
/* End XCConfigurationList section */
	};
	rootObject = 2A16AEA5284F63D200F72F11 /* Project object */;
}
